#!r6rs ; -*- mode: scheme; coding: utf-8 -*-
;; This file is automatically generated - do not change it by hand.
(import (akku format lockfile))
(projects
  ((name "chez-srfi")
    (location (git "https://github.com/arcfide/chez-srfi"))
    (revision "ad3b9f9020cf3b65f209866aca0b10cfc10556f3"))
  ((name "chez-stats")
    (location
      (git "https://github.com/hinkelman/chez-stats.git"))
    (tag "v0.1.0")
    (revision "6e62123f3042e0576fe52087c674db8d53b2bf04")))
